
Microsoft Visual Studio Solution File, Format Version 12.00
# Visual Studio Version 17
VisualStudioVersion = 17.13.35825.156 d17.13
MinimumVisualStudioVersion = 10.0.40219.1
Project("{FAE04EC0-301F-11D3-BF4B-00C04F79EFBC}") = "lab2", "lab2\lab2.csproj", "{86300FAE-3D88-4E96-B291-7B021A106094}"
EndProject
Project("{FAE04EC0-301F-11D3-BF4B-00C04F79EFBC}") = "Palindrome", "Palindrome\Palindrome.csproj", "{669E12DF-70EC-4B07-8572-AC46A02175F1}"
EndProject
Project("{FAE04EC0-301F-11D3-BF4B-00C04F79EFBC}") = "Palindrome.Tests", "Palindrome.Tests\Palindrome.Tests.csproj", "{C030A2BA-61EB-47E8-8C3D-A16EE9D0B6A0}"
EndProject
Global
	GlobalSection(SolutionConfigurationPlatforms) = preSolution
		Debug|Any CPU = Debug|Any CPU
		Release|Any CPU = Release|Any CPU
	EndGlobalSection
	GlobalSection(ProjectConfigurationPlatforms) = postSolution
		{86300FAE-3D88-4E96-B291-7B021A106094}.Debug|Any CPU.ActiveCfg = Debug|Any CPU
		{86300FAE-3D88-4E96-B291-7B021A106094}.Debug|Any CPU.Build.0 = Debug|Any CPU
		{86300FAE-3D88-4E96-B291-7B021A106094}.Release|Any CPU.ActiveCfg = Release|Any CPU
		{86300FAE-3D88-4E96-B291-7B021A106094}.Release|Any CPU.Build.0 = Release|Any CPU
		{669E12DF-70EC-4B07-8572-AC46A02175F1}.Debug|Any CPU.ActiveCfg = Debug|Any CPU
		{669E12DF-70EC-4B07-8572-AC46A02175F1}.Debug|Any CPU.Build.0 = Debug|Any CPU
		{669E12DF-70EC-4B07-8572-AC46A02175F1}.Release|Any CPU.ActiveCfg = Release|Any CPU
		{669E12DF-70EC-4B07-8572-AC46A02175F1}.Release|Any CPU.Build.0 = Release|Any CPU
		{C030A2BA-61EB-47E8-8C3D-A16EE9D0B6A0}.Debug|Any CPU.ActiveCfg = Debug|Any CPU
		{C030A2BA-61EB-47E8-8C3D-A16EE9D0B6A0}.Debug|Any CPU.Build.0 = Debug|Any CPU
		{C030A2BA-61EB-47E8-8C3D-A16EE9D0B6A0}.Release|Any CPU.ActiveCfg = Release|Any CPU
		{C030A2BA-61EB-47E8-8C3D-A16EE9D0B6A0}.Release|Any CPU.Build.0 = Release|Any CPU
	EndGlobalSection
	GlobalSection(SolutionProperties) = preSolution
		HideSolutionNode = FALSE
	EndGlobalSection
	GlobalSection(ExtensibilityGlobals) = postSolution
		SolutionGuid = {3FE3B9C0-5BE1-4D8A-9F52-7A1D806EB0A1}
	EndGlobalSection
EndGlobal
